Microsoft Visual Studio Solution File, Format Version 12.00
# Visual Studio 15
VisualStudioVersion = 15.0.27130.2024
MinimumVisualStudioVersion = 10.0.40219.1
Project("{8BC9CEB8-8B4A-11D0-8D11-00A0C91BC942}") = "BAPSPresenter", "BAPSPresenter\BAPSPresenter.vcxproj", "{46FD9397-DD3B-456A-9D95-504D60F6A9B5}"
EndProject
Project("{8BC9CEB8-8B4A-11D0-8D11-00A0C91BC942}") = "BAPSServerAssembly", "BAPSServerAssembly\BAPSServerAssembly.vcxproj", "{B93BB821-0BB3-466C-9D53-7FECF8722F1D}"
	ProjectSection(ProjectDependencies) = postProject
		{2EAB373E-2054-4AB5-A2F9-34139FB08AE4} = {2EAB373E-2054-4AB5-A2F9-34139FB08AE4}
	EndProjectSection
EndProject
Project("{FAE04EC0-301F-11D3-BF4B-00C04F79EFBC}") = "BAPSServerService", "BAPSServerService\BAPSServerService.csproj", "{A19900A2-8C8B-416A-8642-7F20CB9CA145}"
EndProject
Project("{54435603-DBB4-11D2-8724-00A0C9A8B90C}") = "BAPSSetup", "BAPSSetup\BAPSSetup.vdproj", "{9A851E69-B851-432F-B2E8-2C3A03E54D29}"
EndProject
Project("{FAE04EC0-301F-11D3-BF4B-00C04F79EFBC}") = "BAPSFormControls", "BAPSFormControls\BAPSFormControls.csproj", "{4C3D1722-7B93-4081-8D61-572F8F088CED}"
EndProject
Project("{8BC9CEB8-8B4A-11D0-8D11-00A0C91BC942}") = "BAPSControllerAssembly", "BAPSController\BAPSController.vcxproj", "{E1CEEE2E-DF20-4929-80BD-D73E896C5245}"
EndProject
Project("{8BC9CEB8-8B4A-11D0-8D11-00A0C91BC942}") = "BAPS", "BAPSlib\BAPS.vcxproj", "{2EAB373E-2054-4AB5-A2F9-34139FB08AE4}"
EndProject
Project("{8BC9CEB8-8B4A-11D0-8D11-00A0C91BC942}") = "BAPSTest", "BAPSlib\BAPSTest\BAPSTest.vcxproj", "{87038750-A2E1-4F9D-8EA3-19BC6E2B371B}"
EndProject
Global
	GlobalSection(SolutionConfigurationPlatforms) = preSolution
		Debug|x64 = Debug|x64
		Debug|x86 = Debug|x86
		Release|x64 = Release|x64
		Release|x86 = Release|x86
	EndGlobalSection
	GlobalSection(ProjectConfigurationPlatforms) = postSolution
		{46FD9397-DD3B-456A-9D95-504D60F6A9B5}.Debug|x64.ActiveCfg = Debug|x64
		{46FD9397-DD3B-456A-9D95-504D60F6A9B5}.Debug|x64.Build.0 = Debug|x64
		{46FD9397-DD3B-456A-9D95-504D60F6A9B5}.Debug|x86.ActiveCfg = Debug|Win32
		{46FD9397-DD3B-456A-9D95-504D60F6A9B5}.Debug|x86.Build.0 = Debug|Win32
		{46FD9397-DD3B-456A-9D95-504D60F6A9B5}.Release|x64.ActiveCfg = Release|x64
		{46FD9397-DD3B-456A-9D95-504D60F6A9B5}.Release|x64.Build.0 = Release|x64
		{46FD9397-DD3B-456A-9D95-504D60F6A9B5}.Release|x86.ActiveCfg = Release|Win32
		{46FD9397-DD3B-456A-9D95-504D60F6A9B5}.Release|x86.Build.0 = Release|Win32
		{B93BB821-0BB3-466C-9D53-7FECF8722F1D}.Debug|x64.ActiveCfg = Debug|x64
		{B93BB821-0BB3-466C-9D53-7FECF8722F1D}.Debug|x64.Build.0 = Debug|x64
		{B93BB821-0BB3-466C-9D53-7FECF8722F1D}.Debug|x86.ActiveCfg = Debug|Win32
		{B93BB821-0BB3-466C-9D53-7FECF8722F1D}.Debug|x86.Build.0 = Debug|Win32
		{B93BB821-0BB3-466C-9D53-7FECF8722F1D}.Release|x64.ActiveCfg = Release|x64
		{B93BB821-0BB3-466C-9D53-7FECF8722F1D}.Release|x64.Build.0 = Release|x64
		{B93BB821-0BB3-466C-9D53-7FECF8722F1D}.Release|x86.ActiveCfg = Release|Win32
		{B93BB821-0BB3-466C-9D53-7FECF8722F1D}.Release|x86.Build.0 = Release|Win32
		{A19900A2-8C8B-416A-8642-7F20CB9CA145}.Debug|x64.ActiveCfg = Debug|x64
		{A19900A2-8C8B-416A-8642-7F20CB9CA145}.Debug|x64.Build.0 = Debug|x64
		{A19900A2-8C8B-416A-8642-7F20CB9CA145}.Debug|x86.ActiveCfg = Debug|x86
		{A19900A2-8C8B-416A-8642-7F20CB9CA145}.Debug|x86.Build.0 = Debug|x86
		{A19900A2-8C8B-416A-8642-7F20CB9CA145}.Release|x64.ActiveCfg = Release|x64
		{A19900A2-8C8B-416A-8642-7F20CB9CA145}.Release|x64.Build.0 = Release|x64
		{A19900A2-8C8B-416A-8642-7F20CB9CA145}.Release|x86.ActiveCfg = Release|x86
		{A19900A2-8C8B-416A-8642-7F20CB9CA145}.Release|x86.Build.0 = Release|x86
		{9A851E69-B851-432F-B2E8-2C3A03E54D29}.Debug|x64.ActiveCfg = Debug
		{9A851E69-B851-432F-B2E8-2C3A03E54D29}.Debug|x64.Build.0 = Debug
		{9A851E69-B851-432F-B2E8-2C3A03E54D29}.Debug|x86.ActiveCfg = Debug
		{9A851E69-B851-432F-B2E8-2C3A03E54D29}.Release|x64.ActiveCfg = Release
		{9A851E69-B851-432F-B2E8-2C3A03E54D29}.Release|x86.ActiveCfg = Release
		{4C3D1722-7B93-4081-8D61-572F8F088CED}.Debug|x64.ActiveCfg = Debug|x64
		{4C3D1722-7B93-4081-8D61-572F8F088CED}.Debug|x64.Build.0 = Debug|x64
		{4C3D1722-7B93-4081-8D61-572F8F088CED}.Debug|x86.ActiveCfg = Debug|x86
		{4C3D1722-7B93-4081-8D61-572F8F088CED}.Debug|x86.Build.0 = Debug|x86
		{4C3D1722-7B93-4081-8D61-572F8F088CED}.Release|x64.ActiveCfg = Release|x64
		{4C3D1722-7B93-4081-8D61-572F8F088CED}.Release|x64.Build.0 = Release|x64
		{4C3D1722-7B93-4081-8D61-572F8F088CED}.Release|x86.ActiveCfg = Release|x86
		{4C3D1722-7B93-4081-8D61-572F8F088CED}.Release|x86.Build.0 = Release|x86
		{E1CEEE2E-DF20-4929-80BD-D73E896C5245}.Debug|x64.ActiveCfg = Debug|x64
		{E1CEEE2E-DF20-4929-80BD-D73E896C5245}.Debug|x64.Build.0 = Debug|x64
		{E1CEEE2E-DF20-4929-80BD-D73E896C5245}.Debug|x86.ActiveCfg = Debug|Win32
		{E1CEEE2E-DF20-4929-80BD-D73E896C5245}.Debug|x86.Build.0 = Debug|Win32
		{E1CEEE2E-DF20-4929-80BD-D73E896C5245}.Release|x64.ActiveCfg = Release|x64
		{E1CEEE2E-DF20-4929-80BD-D73E896C5245}.Release|x64.Build.0 = Release|x64
		{E1CEEE2E-DF20-4929-80BD-D73E896C5245}.Release|x86.ActiveCfg = Release|Win32
		{E1CEEE2E-DF20-4929-80BD-D73E896C5245}.Release|x86.Build.0 = Release|Win32
		{2EAB373E-2054-4AB5-A2F9-34139FB08AE4}.Debug|x64.ActiveCfg = Debug|x64
		{2EAB373E-2054-4AB5-A2F9-34139FB08AE4}.Debug|x64.Build.0 = Debug|x64
		{2EAB373E-2054-4AB5-A2F9-34139FB08AE4}.Debug|x86.ActiveCfg = Debug|Win32
		{2EAB373E-2054-4AB5-A2F9-34139FB08AE4}.Debug|x86.Build.0 = Debug|Win32
		{2EAB373E-2054-4AB5-A2F9-34139FB08AE4}.Release|x64.ActiveCfg = Release|x64
		{2EAB373E-2054-4AB5-A2F9-34139FB08AE4}.Release|x64.Build.0 = Release|x64
		{2EAB373E-2054-4AB5-A2F9-34139FB08AE4}.Release|x86.ActiveCfg = Release|Win32
		{2EAB373E-2054-4AB5-A2F9-34139FB08AE4}.Release|x86.Build.0 = Release|Win32
		{87038750-A2E1-4F9D-8EA3-19BC6E2B371B}.Debug|x64.ActiveCfg = Debug|x64
		{87038750-A2E1-4F9D-8EA3-19BC6E2B371B}.Debug|x86.ActiveCfg = Debug|Win32
		{87038750-A2E1-4F9D-8EA3-19BC6E2B371B}.Release|x64.ActiveCfg = Release|x64
		{87038750-A2E1-4F9D-8EA3-19BC6E2B371B}.Release|x86.ActiveCfg = Release|Win32
	EndGlobalSection
	GlobalSection(SolutionProperties) = preSolution
		HideSolutionNode = FALSE
	EndGlobalSection
	GlobalSection(ExtensibilityGlobals) = postSolution
		SolutionGuid = {27528D5D-0BA2-4E60-8FEC-B9203687D6C0}
	EndGlobalSection
EndGlobal
